
Microsoft Visual Studio Solution File, Format Version 12.00
# Visual Studio Version 16
VisualStudioVersion = 16.0.29102.190
MinimumVisualStudioVersion = 10.0.40219.1
Project("{FAE04EC0-301F-11D3-BF4B-00C04F79EFBC}") = "Chapter 7 Objects Baseline", "Chapter 7 Objects Baseline\Chapter 7 Objects Baseline.csproj", "{C5ADC855-05B6-4717-A838-8B4AA52B5725}"
EndProject
Global
	GlobalSection(SolutionConfigurationPlatforms) = preSolution
		Debug|Any CPU = Debug|Any CPU
		Release|Any CPU = Release|Any CPU
	EndGlobalSection
	GlobalSection(ProjectConfigurationPlatforms) = postSolution
		{C5ADC855-05B6-4717-A838-8B4AA52B5725}.Debug|Any CPU.ActiveCfg = Debug|Any CPU
		{C5ADC855-05B6-4717-A838-8B4AA52B5725}.Debug|Any CPU.Build.0 = Debug|Any CPU
		{C5ADC855-05B6-4717-A838-8B4AA52B5725}.Release|Any CPU.ActiveCfg = Release|Any CPU
		{C5ADC855-05B6-4717-A838-8B4AA52B5725}.Release|Any CPU.Build.0 = Release|Any CPU
	EndGlobalSection
	GlobalSection(SolutionProperties) = preSolution
		HideSolutionNode = FALSE
	EndGlobalSection
	GlobalSection(ExtensibilityGlobals) = postSolution
		SolutionGuid = {ECF3AACE-0347-483E-A3C7-371AD2F17954}
	EndGlobalSection
EndGlobal
