
Microsoft Visual Studio Solution File, Format Version 12.00
# Visual Studio Version 16
VisualStudioVersion = 16.0.29123.88
MinimumVisualStudioVersion = 10.0.40219.1
Project("{FAE04EC0-301F-11D3-BF4B-00C04F79EFBC}") = "ProgrammingExercise03", "ProgrammingExercise03\ProgrammingExercise03.csproj", "{A9EC3BD7-FD6A-4372-A0B4-C9B1A787F76B}"
EndProject
Global
	GlobalSection(SolutionConfigurationPlatforms) = preSolution
		Debug|Any CPU = Debug|Any CPU
		Release|Any CPU = Release|Any CPU
	EndGlobalSection
	GlobalSection(ProjectConfigurationPlatforms) = postSolution
		{A9EC3BD7-FD6A-4372-A0B4-C9B1A787F76B}.Debug|Any CPU.ActiveCfg = Debug|Any CPU
		{A9EC3BD7-FD6A-4372-A0B4-C9B1A787F76B}.Debug|Any CPU.Build.0 = Debug|Any CPU
		{A9EC3BD7-FD6A-4372-A0B4-C9B1A787F76B}.Release|Any CPU.ActiveCfg = Release|Any CPU
		{A9EC3BD7-FD6A-4372-A0B4-C9B1A787F76B}.Release|Any CPU.Build.0 = Release|Any CPU
	EndGlobalSection
	GlobalSection(SolutionProperties) = preSolution
		HideSolutionNode = FALSE
	EndGlobalSection
	GlobalSection(ExtensibilityGlobals) = postSolution
		SolutionGuid = {018AB1EE-072F-4D3E-B549-AC00D1413857}
	EndGlobalSection
EndGlobal
